// !$*UTF8*$!
{
	archiveVersion = 1;
	classes = {
	};
	objectVersion = 46;
	objects = {

/* Begin PBXBuildFile section */
		036F3AF91FEA81FC0017F24A /* main.m in Sources */ = {isa = PBXBuildFile; fileRef = 036F3AF81FEA81FC0017F24A /* main.m */; };
		036F3B011FEA82180017F24A /* monty.cpp in Sources */ = {isa = PBXBuildFile; fileRef = 036F3AFF1FEA82180017F24A /* monty.cpp */; };
/* End PBXBuildFile section */

/* Begin PBXCopyFilesBuildPhase section */
		036F3AF31FEA81FC0017F24A /* CopyFiles */ = {
			isa = PBXCopyFilesBuildPhase;
			buildActionMask = 2147483647;
			dstPath = /usr/share/man/man1/;
			dstSubfolderSpec = 0;
			files = (
			);
			runOnlyForDeploymentPostprocessing = 1;
		};
/* End PBXCopyFilesBuildPhase section */

/* Begin PBXFileReference section */
		036F3AF51FEA81FC0017F24A /* Let's Make a Deal */ = {isa = PBXFileReference; explicitFileType = "compiled.mach-o.executable"; includeInIndex = 0; path = "Let's Make a Deal"; sourceTree = BUILT_PRODUCTS_DIR; };
		036F3AF81FEA81FC0017F24A /* main.m */ = {isa = PBXFileReference; lastKnownFileType = sourcecode.c.objc; path = main.m; sourceTree = "<group>"; };
		036F3AFF1FEA82180017F24A /* monty.cpp */ = {isa = PBXFileReference; fileEncoding = 4; lastKnownFileType = sourcecode.cpp.cpp; path = monty.cpp; sourceTree = "<group>"; };
		036F3B001FEA82180017F24A /* monty.hpp */ = {isa = PBXFileReference; fileEncoding = 4; lastKnownFileType = sourcecode.cpp.h; path = monty.hpp; sourceTree = "<group>"; };
/* End PBXFileReference section */

/* Begin PBXFrameworksBuildPhase section */
		036F3AF21FEA81FC0017F24A /* Frameworks */ = {
			isa = PBXFrameworksBuildPhase;
			buildActionMask = 2147483647;
			files = (
			);
			runOnlyForDeploymentPostprocessing = 0;
		};
/* End PBXFrameworksBuildPhase section */

/* Begin PBXGroup section */
		036F3AEC1FEA81FC0017F24A = {
			isa = PBXGroup;
			children = (
				036F3AF71FEA81FC0017F24A /* Let's Make a Deal */,
				036F3AF61FEA81FC0017F24A /* Products */,
			);
			sourceTree = "<group>";
		};
		036F3AF61FEA81FC0017F24A /* Products */ = {
			isa = PBXGroup;
			children = (
				036F3AF51FEA81FC0017F24A /* Let's Make a Deal */,
			);
			name = Products;
			sourceTree = "<group>";
		};
		036F3AF71FEA81FC0017F24A /* Let's Make a Deal */ = {
			isa = PBXGroup;
			children = (
				036F3AF81FEA81FC0017F24A /* main.m */,
				036F3AFF1FEA82180017F24A /* monty.cpp */,
				036F3B001FEA82180017F24A /* monty.hpp */,
			);
			path = "Let's Make a Deal";
			sourceTree = "<group>";
		};
/* End PBXGroup section */

/* Begin PBXNativeTarget section */
		036F3AF41FEA81FC0017F24A /* Let's Make a Deal */ = {
			isa = PBXNativeTarget;
			buildConfigurationList = 036F3AFC1FEA81FC0017F24A /* Build configuration list for PBXNativeTarget "Let's Make a Deal" */;
			buildPhases = (
				036F3AF11FEA81FC0017F24A /* Sources */,
				036F3AF21FEA81FC0017F24A /* Frameworks */,
				036F3AF31FEA81FC0017F24A /* CopyFiles */,
			);
			buildRules = (
			);
			dependencies = (
			);
			name = "Let's Make a Deal";
			productName = "Let's Make a Deal";
			productReference = 036F3AF51FEA81FC0017F24A /* Let's Make a Deal */;
			productType = "com.apple.product-type.tool";
		};
/* End PBXNativeTarget section */

/* Begin PBXProject section */
		036F3AED1FEA81FC0017F24A /* Project object */ = {
			isa = PBXProject;
			attributes = {
				LastUpgradeCheck = 0820;
				ORGANIZATIONNAME = "Devin Moure";
				TargetAttributes = {
					036F3AF41FEA81FC0017F24A = {
						CreatedOnToolsVersion = 8.2;
						DevelopmentTeam = 7585W4Z6PU;
						ProvisioningStyle = Automatic;
					};
				};
			};
			buildConfigurationList = 036F3AF01FEA81FC0017F24A /* Build configuration list for PBXProject "Let's Make a Deal" */;
			compatibilityVersion = "Xcode 3.2";
			developmentRegion = English;
			hasScannedForEncodings = 0;
			knownRegions = (
				en,
			);
			mainGroup = 036F3AEC1FEA81FC0017F24A;
			productRefGroup = 036F3AF61FEA81FC0017F24A /* Products */;
			projectDirPath = "";
			projectRoot = "";
			targets = (
				036F3AF41FEA81FC0017F24A /* Let's Make a Deal */,
			);
		};
/* End PBXProject section */

/* Begin PBXSourcesBuildPhase section */
		036F3AF11FEA81FC0017F24A /* Sources */ = {
			isa = PBXSourcesBuildPhase;
			buildActionMask = 2147483647;
			files = (
				036F3AF91FEA81FC0017F24A /* main.m in Sources */,
				036F3B011FEA82180017F24A /* monty.cpp in Sources */,
			);
			runOnlyForDeploymentPostprocessing = 0;
		};
/* End PBXSourcesBuildPhase section */

/* Begin XCBuildConfiguration section */
		036F3AFA1FEA81FC0017F24A /* Debug */ = {
			isa = XCBuildConfiguration;
			buildSettings = {
				ALWAYS_SEARCH_USER_PATHS = NO;
				CLANG_ANALYZER_NONNULL = YES;
				CLANG_CXX_LANGUAGE_STANDARD = "gnu++0x";
				CLANG_CXX_LIBRARY = "libc++";
				CLANG_ENABLE_MODULES = YES;
				CLANG_ENABLE_OBJC_ARC = YES;
				CLANG_WARN_BOOL_CONVERSION = YES;
				CLANG_WARN_CONSTANT_CONVERSION = YES;
				CLANG_WARN_DIRECT_OBJC_ISA_USAGE = YES_ERROR;
				CLANG_WARN_DOCUMENTATION_COMMENTS = YES;
				CLANG_WARN_EMPTY_BODY = YES;
				CLANG_WARN_ENUM_CONVERSION = YES;
				CLANG_WARN_INFINITE_RECURSION = YES;
				CLANG_WARN_INT_CONVERSION = YES;
				CLANG_WARN_OBJC_ROOT_CLASS = YES_ERROR;
				CLANG_WARN_SUSPICIOUS_MOVE = YES;
				CLANG_WARN_UNREACHABLE_CODE = YES;
				CLANG_WARN__DUPLICATE_METHOD_MATCH = YES;
				CODE_SIGN_IDENTITY = "-";
				COPY_PHASE_STRIP = NO;
				DEBUG_INFORMATION_FORMAT = dwarf;
				ENABLE_STRICT_OBJC_MSGSEND = YES;
				ENABLE_TESTABILITY = YES;
				GCC_C_LANGUAGE_STANDARD = gnu99;
				GCC_DYNAMIC_NO_PIC = NO;
				GCC_NO_COMMON_BLOCKS = YES;
				GCC_OPTIMIZATION_LEVEL = 0;
				GCC_PREPROCESSOR_DEFINITIONS = (
					"DEBUG=1",
					"$(inherited)",
				);
				GCC_WARN_64_TO_32_BIT_CONVERSION = YES;
				GCC_WARN_ABOUT_RETURN_TYPE = YES_ERROR;
				GCC_WARN_UNDECLARED_SELECTOR = YES;
				GCC_WARN_UNINITIALIZED_AUTOS = YES_AGGRESSIVE;
				GCC_WARN_UNUSED_FUNCTION = YES;
				GCC_WARN_UNUSED_VARIABLE = YES;
				MACOSX_DEPLOYMENT_TARGET = 10.12;
				MTL_ENABLE_DEBUG_INFO = YES;
				ONLY_ACTIVE_ARCH = YES;
				SDKROOT = macosx;
			};
			name = Debug;
		};
		036F3AFB1FEA81FC0017F24A /* Release */ = {
			isa = XCBuildConfiguration;
			buildSettings = {
				ALWAYS_SEARCH_USER_PATHS = NO;
				CLANG_ANALYZER_NONNULL = YES;
				CLANG_CXX_LANGUAGE_STANDARD = "gnu++0x";
				CLANG_CXX_LIBRARY = "libc++";
				CLANG_ENABLE_MODULES = YES;
				CLANG_ENABLE_OBJC_ARC = YES;
				CLANG_WARN_BOOL_CONVERSION = YES;
				CLANG_WARN_CONSTANT_CONVERSION = YES;
				CLANG_WARN_DIRECT_OBJC_ISA_USAGE = YES_ERROR;
				CLANG_WARN_DOCUMENTATION_COMMENTS = YES;
				CLANG_WARN_EMPTY_BODY = YES;
				CLANG_WARN_ENUM_CONVERSION = YES;
				CLANG_WARN_INFINITE_RECURSION = YES;
				CLANG_WARN_INT_CONVERSION = YES;
				CLANG_WARN_OBJC_ROOT_CLASS = YES_ERROR;
				CLANG_WARN_SUSPICIOUS_MOVE = YES;
				CLANG_WARN_UNREACHABLE_CODE = YES;
				CLANG_WARN__DUPLICATE_METHOD_MATCH = YES;
				CODE_SIGN_IDENTITY = "-";
				COPY_PHASE_STRIP = NO;
				DEBUG_INFORMATION_FORMAT = "dwarf-with-dsym";
				ENABLE_NS_ASSERTIONS = NO;
				ENABLE_STRICT_OBJC_MSGSEND = YES;
				GCC_C_LANGUAGE_STANDARD = gnu99;
				GCC_NO_COMMON_BLOCKS = YES;
				GCC_WARN_64_TO_32_BIT_CONVERSION = YES;
				GCC_WARN_ABOUT_RETURN_TYPE = YES_ERROR;
				GCC_WARN_UNDECLARED_SELECTOR = YES;
				GCC_WARN_UNINITIALIZED_AUTOS = YES_AGGRESSIVE;
				GCC_WARN_UNUSED_FUNCTION = YES;
				GCC_WARN_UNUSED_VARIABLE = YES;
				MACOSX_DEPLOYMENT_TARGET = 10.12;
				MTL_ENABLE_DEBUG_INFO = NO;
				SDKROOT = macosx;
			};
			name = Release;
		};
		036F3AFD1FEA81FC0017F24A /* Debug */ = {
			isa = XCBuildConfiguration;
			buildSettings = {
				DEVELOPMENT_TEAM = 7585W4Z6PU;
				PRODUCT_NAME = "$(TARGET_NAME)";
			};
			name = Debug;
		};
		036F3AFE1FEA81FC0017F24A /* Release */ = {
			isa = XCBuildConfiguration;
			buildSettings = {
				DEVELOPMENT_TEAM = 7585W4Z6PU;
				PRODUCT_NAME = "$(TARGET_NAME)";
			};
			name = Release;
		};
/* End XCBuildConfiguration section */

/* Begin XCConfigurationList section */
		036F3AF01FEA81FC0017F24A /* Build configuration list for PBXProject "Let's Make a Deal" */ = {
			isa = XCConfigurationList;
			buildConfigurations = (
				036F3AFA1FEA81FC0017F24A /* Debug */,
				036F3AFB1FEA81FC0017F24A /* Release */,
			);
			defaultConfigurationIsVisible = 0;
			defaultConfigurationName = Release;
		};
		036F3AFC1FEA81FC0017F24A /* Build configuration list for PBXNativeTarget "Let's Make a Deal" */ = {
			isa = XCConfigurationList;
			buildConfigurations = (
				036F3AFD1FEA81FC0017F24A /* Debug */,
				036F3AFE1FEA81FC0017F24A /* Release */,
			);
			defaultConfigurationIsVisible = 0;
		};
/* End XCConfigurationList section */
	};
	rootObject = 036F3AED1FEA81FC0017F24A /* Project object */;
}
